
Microsoft Visual Studio Solution File, Format Version 12.00
# Visual Studio 2012
Project("{FAE04EC0-301F-11D3-BF4B-00C04F79EFBC}") = "Client", "Client\Client.csproj", "{C8B53D99-0F3B-46C8-9A6E-5A885496DF0F}"
EndProject
Project("{FAE04EC0-301F-11D3-BF4B-00C04F79EFBC}") = "LoanPublishHandler", "LoanPublishHandler\LoanPublishHandler.csproj", "{259F6F87-C1AF-4B75-AABF-FB35FE59EE18}"
EndProject
Project("{FAE04EC0-301F-11D3-BF4B-00C04F79EFBC}") = "SubscribeHandler", "SubscribeHandler\SubscribeHandler.csproj", "{C0AC2E3C-ED76-4FEA-8FB1-CAD168241AE0}"
EndProject
Project("{FAE04EC0-301F-11D3-BF4B-00C04F79EFBC}") = "Messages", "Messages\Messages.csproj", "{FA32D990-093A-4C62-890E-6A223E1C30EF}"
EndProject
Project("{FAE04EC0-301F-11D3-BF4B-00C04F79EFBC}") = "LienPublishHandler", "LienPublishHandler\LienPublishHandler.csproj", "{811DBD66-ACF8-484C-80ED-776EC53E15CF}"
EndProject
Global
	GlobalSection(SolutionConfigurationPlatforms) = preSolution
		Debug|Any CPU = Debug|Any CPU
		Release|Any CPU = Release|Any CPU
	EndGlobalSection
	GlobalSection(ProjectConfigurationPlatforms) = postSolution
		{C8B53D99-0F3B-46C8-9A6E-5A885496DF0F}.Debug|Any CPU.ActiveCfg = Debug|Any CPU
		{C8B53D99-0F3B-46C8-9A6E-5A885496DF0F}.Debug|Any CPU.Build.0 = Debug|Any CPU
		{C8B53D99-0F3B-46C8-9A6E-5A885496DF0F}.Release|Any CPU.ActiveCfg = Release|Any CPU
		{C8B53D99-0F3B-46C8-9A6E-5A885496DF0F}.Release|Any CPU.Build.0 = Release|Any CPU
		{259F6F87-C1AF-4B75-AABF-FB35FE59EE18}.Debug|Any CPU.ActiveCfg = Debug|Any CPU
		{259F6F87-C1AF-4B75-AABF-FB35FE59EE18}.Debug|Any CPU.Build.0 = Debug|Any CPU
		{259F6F87-C1AF-4B75-AABF-FB35FE59EE18}.Release|Any CPU.ActiveCfg = Release|Any CPU
		{259F6F87-C1AF-4B75-AABF-FB35FE59EE18}.Release|Any CPU.Build.0 = Release|Any CPU
		{C0AC2E3C-ED76-4FEA-8FB1-CAD168241AE0}.Debug|Any CPU.ActiveCfg = Debug|Any CPU
		{C0AC2E3C-ED76-4FEA-8FB1-CAD168241AE0}.Debug|Any CPU.Build.0 = Debug|Any CPU
		{C0AC2E3C-ED76-4FEA-8FB1-CAD168241AE0}.Release|Any CPU.ActiveCfg = Release|Any CPU
		{C0AC2E3C-ED76-4FEA-8FB1-CAD168241AE0}.Release|Any CPU.Build.0 = Release|Any CPU
		{FA32D990-093A-4C62-890E-6A223E1C30EF}.Debug|Any CPU.ActiveCfg = Debug|Any CPU
		{FA32D990-093A-4C62-890E-6A223E1C30EF}.Debug|Any CPU.Build.0 = Debug|Any CPU
		{FA32D990-093A-4C62-890E-6A223E1C30EF}.Release|Any CPU.ActiveCfg = Release|Any CPU
		{FA32D990-093A-4C62-890E-6A223E1C30EF}.Release|Any CPU.Build.0 = Release|Any CPU
		{811DBD66-ACF8-484C-80ED-776EC53E15CF}.Debug|Any CPU.ActiveCfg = Debug|Any CPU
		{811DBD66-ACF8-484C-80ED-776EC53E15CF}.Debug|Any CPU.Build.0 = Debug|Any CPU
		{811DBD66-ACF8-484C-80ED-776EC53E15CF}.Release|Any CPU.ActiveCfg = Release|Any CPU
		{811DBD66-ACF8-484C-80ED-776EC53E15CF}.Release|Any CPU.Build.0 = Release|Any CPU
	EndGlobalSection
	GlobalSection(SolutionProperties) = preSolution
		HideSolutionNode = FALSE
	EndGlobalSection
	GlobalSection(ExtensibilityGlobals) = postSolution
		EnterpriseLibraryConfigurationToolBinariesPath = packages\Unity.2.1.505.2\lib\NET35;packages\Unity.Interception.2.1.505.2\lib\NET35
	EndGlobalSection
EndGlobal
